
Microsoft Visual Studio Solution File, Format Version 12.00
# Visual Studio Version 17
VisualStudioVersion = 17.5.33530.505
MinimumVisualStudioVersion = 10.0.40219.1
Project("{9A19103F-16F7-4668-BE54-9A1E7A4F7556}") = "RogueLike", "RogueLike\RogueLike.csproj", "{C5D62D3D-0000-4200-9894-88AB005A975B}"
EndProject
Project("{FAE04EC0-301F-11D3-BF4B-00C04F79EFBC}") = "RogueLikeTests", "RogueLikeTests\RogueLikeTests.csproj", "{A7038CAD-E280-4A21-B8DD-D3ECA7CCB842}"
EndProject
Global
	GlobalSection(SolutionConfigurationPlatforms) = preSolution
		Debug|Any CPU = Debug|Any CPU
		Release|Any CPU = Release|Any CPU
	EndGlobalSection
	GlobalSection(ProjectConfigurationPlatforms) = postSolution
		{C5D62D3D-0000-4200-9894-88AB005A975B}.Debug|Any CPU.ActiveCfg = Debug|Any CPU
		{C5D62D3D-0000-4200-9894-88AB005A975B}.Debug|Any CPU.Build.0 = Debug|Any CPU
		{C5D62D3D-0000-4200-9894-88AB005A975B}.Release|Any CPU.ActiveCfg = Release|Any CPU
		{C5D62D3D-0000-4200-9894-88AB005A975B}.Release|Any CPU.Build.0 = Release|Any CPU
		{A7038CAD-E280-4A21-B8DD-D3ECA7CCB842}.Debug|Any CPU.ActiveCfg = Debug|Any CPU
		{A7038CAD-E280-4A21-B8DD-D3ECA7CCB842}.Debug|Any CPU.Build.0 = Debug|Any CPU
		{A7038CAD-E280-4A21-B8DD-D3ECA7CCB842}.Release|Any CPU.ActiveCfg = Release|Any CPU
		{A7038CAD-E280-4A21-B8DD-D3ECA7CCB842}.Release|Any CPU.Build.0 = Release|Any CPU
	EndGlobalSection
	GlobalSection(SolutionProperties) = preSolution
		HideSolutionNode = FALSE
	EndGlobalSection
	GlobalSection(ExtensibilityGlobals) = postSolution
		SolutionGuid = {4414C971-4D8F-46CB-A7AD-356B71CE50F0}
	EndGlobalSection
EndGlobal
